DEPENDENCIES
  apt (~> 2.6.1)
  wordpress
    path: .
    metadata: true

GRAPH
  7-zip (1.0.2)
    windows (>= 1.2.2)
  apache2 (7.1.0)
  apt (2.6.1)
  bluepill (2.4.3)
    rsyslog (>= 2.0)
  build-essential (2.4.0)
    7-zip (>= 0.0.0)
  database (6.1.1)
    postgresql (>= 1.0.0)
  iis (7.2.0)
    windows (>= 4.1.0)
  mariadb (2.1.0)
    selinux_policy (~> 2.0)
  mysql (8.5.1)
  mysql2_chef_gem (1.0.1)
    build-essential (>= 0.0.0)
    mariadb (>= 0.0.0)
    mysql (>= 0.0.0)
  nginx (2.7.6)
    apt (~> 2.2)
    bluepill (~> 2.3)
    build-essential (~> 2.0)
    ohai (~> 2.0)
    runit (~> 1.2)
    yum-epel (~> 0.3)
  ohai (2.1.0)
  openssl (8.5.5)
  packagecloud (1.0.1)
  php (5.1.0)
    build-essential (>= 0.0.0)
    yum-epel (>= 0.0.0)
  php-fpm (0.6.10)
    apt (>= 0.0.0)
    yum (>= 3.0.0)
  postgresql (7.1.4)
  rsyslog (6.0.7)
  runit (1.8.0)
    packagecloud (>= 0.0.0)
    yum-epel (>= 0.0.0)
  selinux (0.9.0)
  selinux_policy (2.3.4)
  tar (2.2.0)
  windows (6.0.0)
  wordpress (3.0.0)
    apache2 (>= 2.0.0)
    build-essential (>= 0.0.0)
    database (>= 1.6.0)
    iis (>= 1.6.2)
    mysql (>= 6.0)
    mysql2_chef_gem (~> 1.0.1)
    nginx (~> 2.7.4)
    openssl (>= 0.0.0)
    php (>= 0.0.0)
    php-fpm (~> 0.6.10)
    selinux (~> 0.7)
    tar (>= 0.3.1)
  yum (5.1.0)
  yum-epel (0.7.1)
    yum (>= 3.6.3)
